PODS:
  - ADALiOS (1.0.2)
  - GPUImage (0.1.7)
  - JTCalendar (2.1.4)
  - OneDriveSDK (1.0.0):
    - OneDriveSDK/Auth (= 1.0.0)
    - OneDriveSDK/Common (= 1.0.0)
    - OneDriveSDK/Extensions (= 1.0.0)
    - OneDriveSDK/Implementations (= 1.0.0)
    - OneDriveSDK/OneDriveCoreSDK (= 1.0.0)
  - OneDriveSDK/Auth (1.0.0):
    - ADALiOS (~> 1.0.2)
    - OneDriveSDK/Common
  - OneDriveSDK/Common (1.0.0)
  - OneDriveSDK/Extensions (1.0.0):
    - OneDriveSDK/Auth
    - OneDriveSDK/Implementations
    - OneDriveSDK/OneDriveCoreSDK
  - OneDriveSDK/Implementations (1.0.0):
    - OneDriveSDK/Common
  - OneDriveSDK/OneDriveCoreSDK (1.0.0):
    - OneDriveSDK/Common
  - TesseractOCRiOS (4.0.0)

DEPENDENCIES:
  - GPUImage (~> 0.1.7)
  - JTCalendar (~> 2.1.4)
  - OneDriveSDK (~> 1.0.0)
  - TesseractOCRiOS (~> 4.0.0)

SPEC CHECKSUMS:
  ADALiOS: 3d07f75bb12c6ceb6a8240b19e691c03ace8aed6
  GPUImage: 733a5f0fab92df9de1c37ba9df520a833ccb406d
  JTCalendar: 9b1352c7ec41cc26b19c189d6608ba48060a53d9
  OneDriveSDK: b0dfb06c6851e8cfca4d7b012848ead3c1d317de
  TesseractOCRiOS: 90638afbe43d082433f2e76b384c7901d23956df

COCOAPODS: 0.38.2
